
Microsoft Visual Studio Solution File, Format Version 12.00
# Visual Studio 2012
Project("{FAE04EC0-301F-11D3-BF4B-00C04F79EFBC}") = "RecruitApp", "RecruitApp\RecruitApp.csproj", "{EB66240D-9A7A-4B65-8624-B7C266C9F730}"
EndProject
Global
	GlobalSection(SolutionConfigurationPlatforms) = preSolution
		Debug|Any CPU = Debug|Any CPU
		Debug|ARM = Debug|ARM
		Debug|x64 = Debug|x64
		Debug|x86 = Debug|x86
		Release|Any CPU = Release|Any CPU
		Release|ARM = Release|ARM
		Release|x64 = Release|x64
		Release|x86 = Release|x86
	EndGlobalSection
	GlobalSection(ProjectConfigurationPlatforms) = postSolution
		{EB66240D-9A7A-4B65-8624-B7C266C9F730}.Debug|Any CPU.ActiveCfg = Debug|Any CPU
		{EB66240D-9A7A-4B65-8624-B7C266C9F730}.Debug|Any CPU.Build.0 = Debug|Any CPU
		{EB66240D-9A7A-4B65-8624-B7C266C9F730}.Debug|Any CPU.Deploy.0 = Debug|Any CPU
		{EB66240D-9A7A-4B65-8624-B7C266C9F730}.Debug|ARM.ActiveCfg = Debug|ARM
		{EB66240D-9A7A-4B65-8624-B7C266C9F730}.Debug|ARM.Build.0 = Debug|ARM
		{EB66240D-9A7A-4B65-8624-B7C266C9F730}.Debug|ARM.Deploy.0 = Debug|ARM
		{EB66240D-9A7A-4B65-8624-B7C266C9F730}.Debug|x64.ActiveCfg = Debug|x64
		{EB66240D-9A7A-4B65-8624-B7C266C9F730}.Debug|x64.Build.0 = Debug|x64
		{EB66240D-9A7A-4B65-8624-B7C266C9F730}.Debug|x64.Deploy.0 = Debug|x64
		{EB66240D-9A7A-4B65-8624-B7C266C9F730}.Debug|x86.ActiveCfg = Debug|x86
		{EB66240D-9A7A-4B65-8624-B7C266C9F730}.Debug|x86.Build.0 = Debug|x86
		{EB66240D-9A7A-4B65-8624-B7C266C9F730}.Debug|x86.Deploy.0 = Debug|x86
		{EB66240D-9A7A-4B65-8624-B7C266C9F730}.Release|Any CPU.ActiveCfg = Release|Any CPU
		{EB66240D-9A7A-4B65-8624-B7C266C9F730}.Release|Any CPU.Build.0 = Release|Any CPU
		{EB66240D-9A7A-4B65-8624-B7C266C9F730}.Release|Any CPU.Deploy.0 = Release|Any CPU
		{EB66240D-9A7A-4B65-8624-B7C266C9F730}.Release|ARM.ActiveCfg = Release|ARM
		{EB66240D-9A7A-4B65-8624-B7C266C9F730}.Release|ARM.Build.0 = Release|ARM
		{EB66240D-9A7A-4B65-8624-B7C266C9F730}.Release|ARM.Deploy.0 = Release|ARM
		{EB66240D-9A7A-4B65-8624-B7C266C9F730}.Release|x64.ActiveCfg = Release|x64
		{EB66240D-9A7A-4B65-8624-B7C266C9F730}.Release|x64.Build.0 = Release|x64
		{EB66240D-9A7A-4B65-8624-B7C266C9F730}.Release|x64.Deploy.0 = Release|x64
		{EB66240D-9A7A-4B65-8624-B7C266C9F730}.Release|x86.ActiveCfg = Release|x86
		{EB66240D-9A7A-4B65-8624-B7C266C9F730}.Release|x86.Build.0 = Release|x86
		{EB66240D-9A7A-4B65-8624-B7C266C9F730}.Release|x86.Deploy.0 = Release|x86
	EndGlobalSection
	GlobalSection(SolutionProperties) = preSolution
		HideSolutionNode = FALSE
	EndGlobalSection
EndGlobal
